
Microsoft Visual Studio Solution File, Format Version 12.00
# Visual Studio Version 16
VisualStudioVersion = 16.0.31424.327
MinimumVisualStudioVersion = 10.0.40219.1
Project("{FAE04EC0-301F-11D3-BF4B-00C04F79EFBC}") = "WebApplication1", "WebApplication1\WebApplication1.csproj", "{5360A2B7-24BB-446D-9E4C-68996A9223C0}"
EndProject
Global
	GlobalSection(SolutionConfigurationPlatforms) = preSolution
		Debug|Any CPU = Debug|Any CPU
		Release|Any CPU = Release|Any CPU
	EndGlobalSection
	GlobalSection(ProjectConfigurationPlatforms) = postSolution
		{5360A2B7-24BB-446D-9E4C-68996A9223C0}.Debug|Any CPU.ActiveCfg = Debug|Any CPU
		{5360A2B7-24BB-446D-9E4C-68996A9223C0}.Debug|Any CPU.Build.0 = Debug|Any CPU
		{5360A2B7-24BB-446D-9E4C-68996A9223C0}.Release|Any CPU.ActiveCfg = Release|Any CPU
		{5360A2B7-24BB-446D-9E4C-68996A9223C0}.Release|Any CPU.Build.0 = Release|Any CPU
	EndGlobalSection
	GlobalSection(SolutionProperties) = preSolution
		HideSolutionNode = FALSE
	EndGlobalSection
	GlobalSection(ExtensibilityGlobals) = postSolution
		SolutionGuid = {5D594762-15BB-4296-9FDB-98E221AE9392}
	EndGlobalSection
EndGlobal
